// !$*UTF8*$!
{
	archiveVersion = 1;
	classes = {
	};
	objectVersion = 48;
	objects = {

/* Begin PBXBuildFile section */
		0D0E8728227035E2003315DE /* AppDelegate.m in Sources */ = {isa = PBXBuildFile; fileRef = 0D0E8727227035E2003315DE /* AppDelegate.m */; };
		0D0E872B227035E2003315DE /* ViewController.m in Sources */ = {isa = PBXBuildFile; fileRef = 0D0E872A227035E2003315DE /* ViewController.m */; };
		0D0E872E227035E2003315DE /* Main.storyboard in Resources */ = {isa = PBXBuildFile; fileRef = 0D0E872C227035E2003315DE /* Main.storyboard */; };
		0D0E8730227035E2003315DE /* Assets.xcassets in Resources */ = {isa = PBXBuildFile; fileRef = 0D0E872F227035E2003315DE /* Assets.xcassets */; };
		0D0E8733227035E2003315DE /* LaunchScreen.storyboard in Resources */ = {isa = PBXBuildFile; fileRef = 0D0E8731227035E2003315DE /* LaunchScreen.storyboard */; };
		0D0E8736227035E2003315DE /* main.m in Sources */ = {isa = PBXBuildFile; fileRef = 0D0E8735227035E2003315DE /* main.m */; };
		0D0E873E22703706003315DE /* NextViewController.m in Sources */ = {isa = PBXBuildFile; fileRef = 0D0E873D22703706003315DE /* NextViewController.m */; };
/* End PBXBuildFile section */

/* Begin PBXFileReference section */
		0D0E8723227035E2003315DE /* UISearchBarTest.app */ = {isa = PBXFileReference; explicitFileType = wrapper.application; includeInIndex = 0; path = UISearchBarTest.app; sourceTree = BUILT_PRODUCTS_DIR; };
		0D0E8726227035E2003315DE /* AppDelegate.h */ = {isa = PBXFileReference; lastKnownFileType = sourcecode.c.h; path = AppDelegate.h; sourceTree = "<group>"; };
		0D0E8727227035E2003315DE /* AppDelegate.m */ = {isa = PBXFileReference; lastKnownFileType = sourcecode.c.objc; path = AppDelegate.m; sourceTree = "<group>"; };
		0D0E8729227035E2003315DE /* ViewController.h */ = {isa = PBXFileReference; lastKnownFileType = sourcecode.c.h; path = ViewController.h; sourceTree = "<group>"; };
		0D0E872A227035E2003315DE /* ViewController.m */ = {isa = PBXFileReference; lastKnownFileType = sourcecode.c.objc; path = ViewController.m; sourceTree = "<group>"; };
		0D0E872D227035E2003315DE /* Base */ = {isa = PBXFileReference; lastKnownFileType = file.storyboard; name = Base; path = Base.lproj/Main.storyboard; sourceTree = "<group>"; };
		0D0E872F227035E2003315DE /* Assets.xcassets */ = {isa = PBXFileReference; lastKnownFileType = folder.assetcatalog; path = Assets.xcassets; sourceTree = "<group>"; };
		0D0E8732227035E2003315DE /* Base */ = {isa = PBXFileReference; lastKnownFileType = file.storyboard; name = Base; path = Base.lproj/LaunchScreen.storyboard; sourceTree = "<group>"; };
		0D0E8734227035E2003315DE /* Info.plist */ = {isa = PBXFileReference; lastKnownFileType = text.plist.xml; path = Info.plist; sourceTree = "<group>"; };
		0D0E8735227035E2003315DE /* main.m */ = {isa = PBXFileReference; lastKnownFileType = sourcecode.c.objc; path = main.m; sourceTree = "<group>"; };
		0D0E873C22703706003315DE /* NextViewController.h */ = {isa = PBXFileReference; lastKnownFileType = sourcecode.c.h; path = NextViewController.h; sourceTree = "<group>"; };
		0D0E873D22703706003315DE /* NextViewController.m */ = {isa = PBXFileReference; lastKnownFileType = sourcecode.c.objc; path = NextViewController.m; sourceTree = "<group>"; };
/* End PBXFileReference section */

/* Begin PBXFrameworksBuildPhase section */
		0D0E8720227035E2003315DE /* Frameworks */ = {
			isa = PBXFrameworksBuildPhase;
			buildActionMask = 2147483647;
			files = (
			);
			runOnlyForDeploymentPostprocessing = 0;
		};
/* End PBXFrameworksBuildPhase section */

/* Begin PBXGroup section */
		0D0E871A227035E2003315DE = {
			isa = PBXGroup;
			children = (
				0D0E8725227035E2003315DE /* UISearchBarTest */,
				0D0E8724227035E2003315DE /* Products */,
			);
			sourceTree = "<group>";
		};
		0D0E8724227035E2003315DE /* Products */ = {
			isa = PBXGroup;
			children = (
				0D0E8723227035E2003315DE /* UISearchBarTest.app */,
			);
			name = Products;
			sourceTree = "<group>";
		};
		0D0E8725227035E2003315DE /* UISearchBarTest */ = {
			isa = PBXGroup;
			children = (
				0D0E8726227035E2003315DE /* AppDelegate.h */,
				0D0E8727227035E2003315DE /* AppDelegate.m */,
				0D0E8729227035E2003315DE /* ViewController.h */,
				0D0E872A227035E2003315DE /* ViewController.m */,
				0D0E873C22703706003315DE /* NextViewController.h */,
				0D0E873D22703706003315DE /* NextViewController.m */,
				0D0E872C227035E2003315DE /* Main.storyboard */,
				0D0E872F227035E2003315DE /* Assets.xcassets */,
				0D0E8731227035E2003315DE /* LaunchScreen.storyboard */,
				0D0E8734227035E2003315DE /* Info.plist */,
				0D0E8735227035E2003315DE /* main.m */,
			);
			path = UISearchBarTest;
			sourceTree = "<group>";
		};
/* End PBXGroup section */

/* Begin PBXNativeTarget section */
		0D0E8722227035E2003315DE /* UISearchBarTest */ = {
			isa = PBXNativeTarget;
			buildConfigurationList = 0D0E8739227035E2003315DE /* Build configuration list for PBXNativeTarget "UISearchBarTest" */;
			buildPhases = (
				0D0E871F227035E2003315DE /* Sources */,
				0D0E8720227035E2003315DE /* Frameworks */,
				0D0E8721227035E2003315DE /* Resources */,
			);
			buildRules = (
			);
			dependencies = (
			);
			name = UISearchBarTest;
			productName = UISearchBarTest;
			productReference = 0D0E8723227035E2003315DE /* UISearchBarTest.app */;
			productType = "com.apple.product-type.application";
		};
/* End PBXNativeTarget section */

/* Begin PBXProject section */
		0D0E871B227035E2003315DE /* Project object */ = {
			isa = PBXProject;
			attributes = {
				LastUpgradeCheck = 0920;
				ORGANIZATIONNAME = "zkml－wxj";
				TargetAttributes = {
					0D0E8722227035E2003315DE = {
						CreatedOnToolsVersion = 9.2;
						ProvisioningStyle = Manual;
					};
				};
			};
			buildConfigurationList = 0D0E871E227035E2003315DE /* Build configuration list for PBXProject "UISearchBarTest" */;
			compatibilityVersion = "Xcode 8.0";
			developmentRegion = en;
			hasScannedForEncodings = 0;
			knownRegions = (
				en,
				Base,
			);
			mainGroup = 0D0E871A227035E2003315DE;
			productRefGroup = 0D0E8724227035E2003315DE /* Products */;
			projectDirPath = "";
			projectRoot = "";
			targets = (
				0D0E8722227035E2003315DE /* UISearchBarTest */,
			);
		};
/* End PBXProject section */

/* Begin PBXResourcesBuildPhase section */
		0D0E8721227035E2003315DE /* Resources */ = {
			isa = PBXResourcesBuildPhase;
			buildActionMask = 2147483647;
			files = (
				0D0E8733227035E2003315DE /* LaunchScreen.storyboard in Resources */,
				0D0E8730227035E2003315DE /* Assets.xcassets in Resources */,
				0D0E872E227035E2003315DE /* Main.storyboard in Resources */,
			);
			runOnlyForDeploymentPostprocessing = 0;
		};
/* End PBXResourcesBuildPhase section */

/* Begin PBXSourcesBuildPhase section */
		0D0E871F227035E2003315DE /* Sources */ = {
			isa = PBXSourcesBuildPhase;
			buildActionMask = 2147483647;
			files = (
				0D0E872B227035E2003315DE /* ViewController.m in Sources */,
				0D0E873E22703706003315DE /* NextViewController.m in Sources */,
				0D0E8736227035E2003315DE /* main.m in Sources */,
				0D0E8728227035E2003315DE /* AppDelegate.m in Sources */,
			);
			runOnlyForDeploymentPostprocessing = 0;
		};
/* End PBXSourcesBuildPhase section */

/* Begin PBXVariantGroup section */
		0D0E872C227035E2003315DE /* Main.storyboard */ = {
			isa = PBXVariantGroup;
			children = (
				0D0E872D227035E2003315DE /* Base */,
			);
			name = Main.storyboard;
			sourceTree = "<group>";
		};
		0D0E8731227035E2003315DE /* LaunchScreen.storyboard */ = {
			isa = PBXVariantGroup;
			children = (
				0D0E8732227035E2003315DE /* Base */,
			);
			name = LaunchScreen.storyboard;
			sourceTree = "<group>";
		};
/* End PBXVariantGroup section */

/* Begin XCBuildConfiguration section */
		0D0E8737227035E2003315DE /* Debug */ = {
			isa = XCBuildConfiguration;
			buildSettings = {
				ALWAYS_SEARCH_USER_PATHS = NO;
				CLANG_ANALYZER_NONNULL = YES;
				CLANG_ANALYZER_NUMBER_OBJECT_CONVERSION = YES_AGGRESSIVE;
				CLANG_CXX_LANGUAGE_STANDARD = "gnu++14";
				CLANG_CXX_LIBRARY = "libc++";
				CLANG_ENABLE_MODULES = YES;
				CLANG_ENABLE_OBJC_ARC = YES;
				CLANG_WARN_BLOCK_CAPTURE_AUTORELEASING = YES;
				CLANG_WARN_BOOL_CONVERSION = YES;
				CLANG_WARN_COMMA = YES;
				CLANG_WARN_CONSTANT_CONVERSION = YES;
				CLANG_WARN_DIRECT_OBJC_ISA_USAGE = YES_ERROR;
				CLANG_WARN_DOCUMENTATION_COMMENTS = YES;
				CLANG_WARN_EMPTY_BODY = YES;
				CLANG_WARN_ENUM_CONVERSION = YES;
				CLANG_WARN_INFINITE_RECURSION = YES;
				CLANG_WARN_INT_CONVERSION = YES;
				CLANG_WARN_NON_LITERAL_NULL_CONVERSION = YES;
				CLANG_WARN_OBJC_LITERAL_CONVERSION = YES;
				CLANG_WARN_OBJC_ROOT_CLASS = YES_ERROR;
				CLANG_WARN_RANGE_LOOP_ANALYSIS = YES;
				CLANG_WARN_STRICT_PROTOTYPES = YES;
				CLANG_WARN_SUSPICIOUS_MOVE = YES;
				CLANG_WARN_UNGUARDED_AVAILABILITY = YES_AGGRESSIVE;
				CLANG_WARN_UNREACHABLE_CODE = YES;
				CLANG_WARN__DUPLICATE_METHOD_MATCH = YES;
				CODE_SIGN_IDENTITY = "iPhone Developer";
				COPY_PHASE_STRIP = NO;
				DEBUG_INFORMATION_FORMAT = dwarf;
				ENABLE_STRICT_OBJC_MSGSEND = YES;
				ENABLE_TESTABILITY = YES;
				GCC_C_LANGUAGE_STANDARD = gnu11;
				GCC_DYNAMIC_NO_PIC = NO;
				GCC_NO_COMMON_BLOCKS = YES;
				GCC_OPTIMIZATION_LEVEL = 0;
				GCC_PREPROCESSOR_DEFINITIONS = (
					"DEBUG=1",
					"$(inherited)",
				);
				GCC_WARN_64_TO_32_BIT_CONVERSION = YES;
				GCC_WARN_ABOUT_RETURN_TYPE = YES_ERROR;
				GCC_WARN_UNDECLARED_SELECTOR = YES;
				GCC_WARN_UNINITIALIZED_AUTOS = YES_AGGRESSIVE;
				GCC_WARN_UNUSED_FUNCTION = YES;
				GCC_WARN_UNUSED_VARIABLE = YES;
				IPHONEOS_DEPLOYMENT_TARGET = 11.2;
				MTL_ENABLE_DEBUG_INFO = YES;
				ONLY_ACTIVE_ARCH = YES;
				SDKROOT = iphoneos;
			};
			name = Debug;
		};
		0D0E8738227035E2003315DE /* Release */ = {
			isa = XCBuildConfiguration;
			buildSettings = {
				ALWAYS_SEARCH_USER_PATHS = NO;
				CLANG_ANALYZER_NONNULL = YES;
				CLANG_ANALYZER_NUMBER_OBJECT_CONVERSION = YES_AGGRESSIVE;
				CLANG_CXX_LANGUAGE_STANDARD = "gnu++14";
				CLANG_CXX_LIBRARY = "libc++";
				CLANG_ENABLE_MODULES = YES;
				CLANG_ENABLE_OBJC_ARC = YES;
				CLANG_WARN_BLOCK_CAPTURE_AUTORELEASING = YES;
				CLANG_WARN_BOOL_CONVERSION = YES;
				CLANG_WARN_COMMA = YES;
				CLANG_WARN_CONSTANT_CONVERSION = YES;
				CLANG_WARN_DIRECT_OBJC_ISA_USAGE = YES_ERROR;
				CLANG_WARN_DOCUMENTATION_COMMENTS = YES;
				CLANG_WARN_EMPTY_BODY = YES;
				CLANG_WARN_ENUM_CONVERSION = YES;
				CLANG_WARN_INFINITE_RECURSION = YES;
				CLANG_WARN_INT_CONVERSION = YES;
				CLANG_WARN_NON_LITERAL_NULL_CONVERSION = YES;
				CLANG_WARN_OBJC_LITERAL_CONVERSION = YES;
				CLANG_WARN_OBJC_ROOT_CLASS = YES_ERROR;
				CLANG_WARN_RANGE_LOOP_ANALYSIS = YES;
				CLANG_WARN_STRICT_PROTOTYPES = YES;
				CLANG_WARN_SUSPICIOUS_MOVE = YES;
				CLANG_WARN_UNGUARDED_AVAILABILITY = YES_AGGRESSIVE;
				CLANG_WARN_UNREACHABLE_CODE = YES;
				CLANG_WARN__DUPLICATE_METHOD_MATCH = YES;
				CODE_SIGN_IDENTITY = "iPhone Developer";
				COPY_PHASE_STRIP = NO;
				DEBUG_INFORMATION_FORMAT = "dwarf-with-dsym";
				ENABLE_NS_ASSERTIONS = NO;
				ENABLE_STRICT_OBJC_MSGSEND = YES;
				GCC_C_LANGUAGE_STANDARD = gnu11;
				GCC_NO_COMMON_BLOCKS = YES;
				GCC_WARN_64_TO_32_BIT_CONVERSION = YES;
				GCC_WARN_ABOUT_RETURN_TYPE = YES_ERROR;
				GCC_WARN_UNDECLARED_SELECTOR = YES;
				GCC_WARN_UNINITIALIZED_AUTOS = YES_AGGRESSIVE;
				GCC_WARN_UNUSED_FUNCTION = YES;
				GCC_WARN_UNUSED_VARIABLE = YES;
				IPHONEOS_DEPLOYMENT_TARGET = 11.2;
				MTL_ENABLE_DEBUG_INFO = NO;
				SDKROOT = iphoneos;
				VALIDATE_PRODUCT = YES;
			};
			name = Release;
		};
		0D0E873A227035E2003315DE /* Debug */ = {
			isa = XCBuildConfiguration;
			buildSettings = {
				ASSETCATALOG_COMPILER_APPICON_NAME = AppIcon;
				CODE_SIGN_STYLE = Manual;
				DEVELOPMENT_TEAM = AUG8R2Q7U7;
				INFOPLIST_FILE = UISearchBarTest/Info.plist;
				IPHONEOS_DEPLOYMENT_TARGET = 8.0;
				LD_RUNPATH_SEARCH_PATHS = "$(inherited) @executable_path/Frameworks";
				PRODUCT_BUNDLE_IDENTIFIER = zkml.UISearchBarTest;
				PRODUCT_NAME = "$(TARGET_NAME)";
				PROVISIONING_PROFILE = "ce214313-9bd1-42b0-a43b-dbef96296c81";
				PROVISIONING_PROFILE_SPECIFIER = PersonalDevelopment;
				TARGETED_DEVICE_FAMILY = "1,2";
			};
			name = Debug;
		};
		0D0E873B227035E2003315DE /* Release */ = {
			isa = XCBuildConfiguration;
			buildSettings = {
				ASSETCATALOG_COMPILER_APPICON_NAME = AppIcon;
				CODE_SIGN_STYLE = Manual;
				DEVELOPMENT_TEAM = AUG8R2Q7U7;
				INFOPLIST_FILE = UISearchBarTest/Info.plist;
				IPHONEOS_DEPLOYMENT_TARGET = 8.0;
				LD_RUNPATH_SEARCH_PATHS = "$(inherited) @executable_path/Frameworks";
				PRODUCT_BUNDLE_IDENTIFIER = zkml.UISearchBarTest;
				PRODUCT_NAME = "$(TARGET_NAME)";
				PROVISIONING_PROFILE = "ce214313-9bd1-42b0-a43b-dbef96296c81";
				PROVISIONING_PROFILE_SPECIFIER = PersonalDevelopment;
				TARGETED_DEVICE_FAMILY = "1,2";
			};
			name = Release;
		};
/* End XCBuildConfiguration section */

/* Begin XCConfigurationList section */
		0D0E871E227035E2003315DE /* Build configuration list for PBXProject "UISearchBarTest" */ = {
			isa = XCConfigurationList;
			buildConfigurations = (
				0D0E8737227035E2003315DE /* Debug */,
				0D0E8738227035E2003315DE /* Release */,
			);
			defaultConfigurationIsVisible = 0;
			defaultConfigurationName = Release;
		};
		0D0E8739227035E2003315DE /* Build configuration list for PBXNativeTarget "UISearchBarTest" */ = {
			isa = XCConfigurationList;
			buildConfigurations = (
				0D0E873A227035E2003315DE /* Debug */,
				0D0E873B227035E2003315DE /* Release */,
			);
			defaultConfigurationIsVisible = 0;
			defaultConfigurationName = Release;
		};
/* End XCConfigurationList section */
	};
	rootObject = 0D0E871B227035E2003315DE /* Project object */;
}
